
Microsoft Visual Studio Solution File, Format Version 12.00
# Visual Studio Version 16
VisualStudioVersion = 16.0.29025.244
MinimumVisualStudioVersion = 10.0.40219.1
Project("{9A19103F-16F7-4668-BE54-9A1E7A4F7556}") = "ManagedExecutable", "src\ManagedExecutable\ManagedExecutable.csproj", "{683F2BF5-9B94-4565-B1D3-DA5616456053}"
EndProject
Project("{9A19103F-16F7-4668-BE54-9A1E7A4F7556}") = "ManagedLibrary", "src\ManagedLibrary\ManagedLibrary.csproj", "{BBB2E7CB-5030-49F1-A9E6-9445137FA71D}"
EndProject
Project("{8BC9CEB8-8B4A-11D0-8D11-00A0C91BC942}") = "UnmanagedExecutable", "src\UnmanagedExecutable\UnmanagedExecutable.vcxproj", "{173FE77D-52A5-4524-AB58-8921AB90C06F}"
EndProject
Global
	GlobalSection(SolutionConfigurationPlatforms) = preSolution
		Debug|Any CPU = Debug|Any CPU
		Debug|x64 = Debug|x64
		Debug|x86 = Debug|x86
		Release|Any CPU = Release|Any CPU
		Release|x64 = Release|x64
		Release|x86 = Release|x86
	EndGlobalSection
	GlobalSection(ProjectConfigurationPlatforms) = postSolution
		{683F2BF5-9B94-4565-B1D3-DA5616456053}.Debug|Any CPU.ActiveCfg = Debug|Any CPU
		{683F2BF5-9B94-4565-B1D3-DA5616456053}.Debug|Any CPU.Build.0 = Debug|Any CPU
		{683F2BF5-9B94-4565-B1D3-DA5616456053}.Debug|x64.ActiveCfg = Debug|Any CPU
		{683F2BF5-9B94-4565-B1D3-DA5616456053}.Debug|x64.Build.0 = Debug|Any CPU
		{683F2BF5-9B94-4565-B1D3-DA5616456053}.Debug|x86.ActiveCfg = Debug|Any CPU
		{683F2BF5-9B94-4565-B1D3-DA5616456053}.Debug|x86.Build.0 = Debug|Any CPU
		{683F2BF5-9B94-4565-B1D3-DA5616456053}.Release|Any CPU.ActiveCfg = Release|Any CPU
		{683F2BF5-9B94-4565-B1D3-DA5616456053}.Release|Any CPU.Build.0 = Release|Any CPU
		{683F2BF5-9B94-4565-B1D3-DA5616456053}.Release|x64.ActiveCfg = Release|Any CPU
		{683F2BF5-9B94-4565-B1D3-DA5616456053}.Release|x64.Build.0 = Release|Any CPU
		{683F2BF5-9B94-4565-B1D3-DA5616456053}.Release|x86.ActiveCfg = Release|Any CPU
		{683F2BF5-9B94-4565-B1D3-DA5616456053}.Release|x86.Build.0 = Release|Any CPU
		{BBB2E7CB-5030-49F1-A9E6-9445137FA71D}.Debug|Any CPU.ActiveCfg = Debug|Any CPU
		{BBB2E7CB-5030-49F1-A9E6-9445137FA71D}.Debug|Any CPU.Build.0 = Debug|Any CPU
		{BBB2E7CB-5030-49F1-A9E6-9445137FA71D}.Debug|x64.ActiveCfg = Debug|Any CPU
		{BBB2E7CB-5030-49F1-A9E6-9445137FA71D}.Debug|x64.Build.0 = Debug|Any CPU
		{BBB2E7CB-5030-49F1-A9E6-9445137FA71D}.Debug|x86.ActiveCfg = Debug|Any CPU
		{BBB2E7CB-5030-49F1-A9E6-9445137FA71D}.Debug|x86.Build.0 = Debug|Any CPU
		{BBB2E7CB-5030-49F1-A9E6-9445137FA71D}.Release|Any CPU.ActiveCfg = Release|Any CPU
		{BBB2E7CB-5030-49F1-A9E6-9445137FA71D}.Release|Any CPU.Build.0 = Release|Any CPU
		{BBB2E7CB-5030-49F1-A9E6-9445137FA71D}.Release|x64.ActiveCfg = Release|Any CPU
		{BBB2E7CB-5030-49F1-A9E6-9445137FA71D}.Release|x64.Build.0 = Release|Any CPU
		{BBB2E7CB-5030-49F1-A9E6-9445137FA71D}.Release|x86.ActiveCfg = Release|Any CPU
		{BBB2E7CB-5030-49F1-A9E6-9445137FA71D}.Release|x86.Build.0 = Release|Any CPU
		{173FE77D-52A5-4524-AB58-8921AB90C06F}.Debug|Any CPU.ActiveCfg = Debug|Win32
		{173FE77D-52A5-4524-AB58-8921AB90C06F}.Debug|x64.ActiveCfg = Debug|x64
		{173FE77D-52A5-4524-AB58-8921AB90C06F}.Debug|x64.Build.0 = Debug|x64
		{173FE77D-52A5-4524-AB58-8921AB90C06F}.Debug|x86.ActiveCfg = Debug|Win32
		{173FE77D-52A5-4524-AB58-8921AB90C06F}.Debug|x86.Build.0 = Debug|Win32
		{173FE77D-52A5-4524-AB58-8921AB90C06F}.Release|Any CPU.ActiveCfg = Release|Win32
		{173FE77D-52A5-4524-AB58-8921AB90C06F}.Release|x64.ActiveCfg = Release|x64
		{173FE77D-52A5-4524-AB58-8921AB90C06F}.Release|x64.Build.0 = Release|x64
		{173FE77D-52A5-4524-AB58-8921AB90C06F}.Release|x86.ActiveCfg = Release|Win32
		{173FE77D-52A5-4524-AB58-8921AB90C06F}.Release|x86.Build.0 = Release|Win32
	EndGlobalSection
	GlobalSection(SolutionProperties) = preSolution
		HideSolutionNode = FALSE
	EndGlobalSection
	GlobalSection(ExtensibilityGlobals) = postSolution
		SolutionGuid = {D2BD1A0B-1464-43BC-8271-42CABDCF69B8}
	EndGlobalSection
EndGlobal
